// !$*UTF8*$!
{
	archiveVersion = 1;
	classes = {
	};
	objectVersion = 50;
	objects = {

/* Begin PBXBuildFile section */
		4247D947211D7B000007132A /* AppDelegate.swift in Sources */ = {isa = PBXBuildFile; fileRef = 4247D946211D7B000007132A /* AppDelegate.swift */; };
		4247D949211D7B000007132A /* ViewController.swift in Sources */ = {isa = PBXBuildFile; fileRef = 4247D948211D7B000007132A /* ViewController.swift */; };
		4247D94C211D7B000007132A /* Main.storyboard in Resources */ = {isa = PBXBuildFile; fileRef = 4247D94A211D7B000007132A /* Main.storyboard */; };
		4247D94E211D7B010007132A /* Assets.xcassets in Resources */ = {isa = PBXBuildFile; fileRef = 4247D94D211D7B010007132A /* Assets.xcassets */; };
		4247D951211D7B010007132A /* LaunchScreen.storyboard in Resources */ = {isa = PBXBuildFile; fileRef = 4247D94F211D7B010007132A /* LaunchScreen.storyboard */; };
		4247D959211D7B3C0007132A /* GoogleService-Info.plist in Resources */ = {isa = PBXBuildFile; fileRef = 4247D958211D7B3C0007132A /* GoogleService-Info.plist */; };
		7D4779FA7D545BCAF6CE8791 /* Pods_PushTest.framework in Frameworks */ = {isa = PBXBuildFile; fileRef = A5C5E4760B2F7E7A007CC760 /* Pods_PushTest.framework */; };
/* End PBXBuildFile section */

/* Begin PBXFileReference section */
		107DAA809B28F1700F8BBABF /* Pods-PushTest.release.xcconfig */ = {isa = PBXFileReference; includeInIndex = 1; lastKnownFileType = text.xcconfig; name = "Pods-PushTest.release.xcconfig"; path = "Pods/Target Support Files/Pods-PushTest/Pods-PushTest.release.xcconfig"; sourceTree = "<group>"; };
		140FF8A769DDFD02B817B99F /* Pods-PushTest.debug.xcconfig */ = {isa = PBXFileReference; includeInIndex = 1; lastKnownFileType = text.xcconfig; name = "Pods-PushTest.debug.xcconfig"; path = "Pods/Target Support Files/Pods-PushTest/Pods-PushTest.debug.xcconfig"; sourceTree = "<group>"; };
		4247D943211D7B000007132A /* PushTest.app */ = {isa = PBXFileReference; explicitFileType = wrapper.application; includeInIndex = 0; path = PushTest.app; sourceTree = BUILT_PRODUCTS_DIR; };
		4247D946211D7B000007132A /* AppDelegate.swift */ = {isa = PBXFileReference; lastKnownFileType = sourcecode.swift; path = AppDelegate.swift; sourceTree = "<group>"; };
		4247D948211D7B000007132A /* ViewController.swift */ = {isa = PBXFileReference; lastKnownFileType = sourcecode.swift; path = ViewController.swift; sourceTree = "<group>"; };
		4247D94B211D7B000007132A /* Base */ = {isa = PBXFileReference; lastKnownFileType = file.storyboard; name = Base; path = Base.lproj/Main.storyboard; sourceTree = "<group>"; };
		4247D94D211D7B010007132A /* Assets.xcassets */ = {isa = PBXFileReference; lastKnownFileType = folder.assetcatalog; path = Assets.xcassets; sourceTree = "<group>"; };
		4247D950211D7B010007132A /* Base */ = {isa = PBXFileReference; lastKnownFileType = file.storyboard; name = Base; path = Base.lproj/LaunchScreen.storyboard; sourceTree = "<group>"; };
		4247D952211D7B010007132A /* Info.plist */ = {isa = PBXFileReference; lastKnownFileType = text.plist.xml; path = Info.plist; sourceTree = "<group>"; };
		4247D958211D7B3C0007132A /* GoogleService-Info.plist */ = {isa = PBXFileReference; fileEncoding = 4; lastKnownFileType = text.plist.xml; path = "GoogleService-Info.plist"; sourceTree = "<group>"; };
		A5C5E4760B2F7E7A007CC760 /* Pods_PushTest.framework */ = {isa = PBXFileReference; explicitFileType = wrapper.framework; includeInIndex = 0; path = Pods_PushTest.framework; sourceTree = BUILT_PRODUCTS_DIR; };
/* End PBXFileReference section */

/* Begin PBXFrameworksBuildPhase section */
		4247D940211D7B000007132A /* Frameworks */ = {
			isa = PBXFrameworksBuildPhase;
			buildActionMask = 2147483647;
			files = (
				7D4779FA7D545BCAF6CE8791 /* Pods_PushTest.framework in Frameworks */,
			);
			runOnlyForDeploymentPostprocessing = 0;
		};
/* End PBXFrameworksBuildPhase section */

/* Begin PBXGroup section */
		31F0D262BE06AEFE635CA8A0 /* Frameworks */ = {
			isa = PBXGroup;
			children = (
				A5C5E4760B2F7E7A007CC760 /* Pods_PushTest.framework */,
			);
			name = Frameworks;
			sourceTree = "<group>";
		};
		4247D93A211D7AFF0007132A = {
			isa = PBXGroup;
			children = (
				4247D945211D7B000007132A /* PushTest */,
				4247D944211D7B000007132A /* Products */,
				F738C135922EFBA77D0D8A26 /* Pods */,
				31F0D262BE06AEFE635CA8A0 /* Frameworks */,
			);
			sourceTree = "<group>";
		};
		4247D944211D7B000007132A /* Products */ = {
			isa = PBXGroup;
			children = (
				4247D943211D7B000007132A /* PushTest.app */,
			);
			name = Products;
			sourceTree = "<group>";
		};
		4247D945211D7B000007132A /* PushTest */ = {
			isa = PBXGroup;
			children = (
				4247D946211D7B000007132A /* AppDelegate.swift */,
				4247D948211D7B000007132A /* ViewController.swift */,
				4247D94A211D7B000007132A /* Main.storyboard */,
				4247D94D211D7B010007132A /* Assets.xcassets */,
				4247D94F211D7B010007132A /* LaunchScreen.storyboard */,
				4247D952211D7B010007132A /* Info.plist */,
				4247D958211D7B3C0007132A /* GoogleService-Info.plist */,
			);
			path = PushTest;
			sourceTree = "<group>";
		};
		F738C135922EFBA77D0D8A26 /* Pods */ = {
			isa = PBXGroup;
			children = (
				140FF8A769DDFD02B817B99F /* Pods-PushTest.debug.xcconfig */,
				107DAA809B28F1700F8BBABF /* Pods-PushTest.release.xcconfig */,
			);
			name = Pods;
			sourceTree = "<group>";
		};
/* End PBXGroup section */

/* Begin PBXNativeTarget section */
		4247D942211D7B000007132A /* PushTest */ = {
			isa = PBXNativeTarget;
			buildConfigurationList = 4247D955211D7B010007132A /* Build configuration list for PBXNativeTarget "PushTest" */;
			buildPhases = (
				96D807767E44B0600ACDCD68 /* [CP] Check Pods Manifest.lock */,
				4247D93F211D7B000007132A /* Sources */,
				4247D940211D7B000007132A /* Frameworks */,
				4247D941211D7B000007132A /* Resources */,
				3593F04686EEB2D98BA02568 /* [CP] Embed Pods Frameworks */,
				23FB0D2B1CCC12A1025BB6F5 /* [CP] Copy Pods Resources */,
			);
			buildRules = (
			);
			dependencies = (
			);
			name = PushTest;
			productName = PushTest;
			productReference = 4247D943211D7B000007132A /* PushTest.app */;
			productType = "com.apple.product-type.application";
		};
/* End PBXNativeTarget section */

/* Begin PBXProject section */
		4247D93B211D7AFF0007132A /* Project object */ = {
			isa = PBXProject;
			attributes = {
				LastSwiftUpdateCheck = 0940;
				LastUpgradeCheck = 0940;
				ORGANIZATIONNAME = ChrisYoung;
				TargetAttributes = {
					4247D942211D7B000007132A = {
						CreatedOnToolsVersion = 9.4.1;
					};
				};
			};
			buildConfigurationList = 4247D93E211D7AFF0007132A /* Build configuration list for PBXProject "PushTest" */;
			compatibilityVersion = "Xcode 9.3";
			developmentRegion = en;
			hasScannedForEncodings = 0;
			knownRegions = (
				en,
				Base,
			);
			mainGroup = 4247D93A211D7AFF0007132A;
			productRefGroup = 4247D944211D7B000007132A /* Products */;
			projectDirPath = "";
			projectRoot = "";
			targets = (
				4247D942211D7B000007132A /* PushTest */,
			);
		};
/* End PBXProject section */

/* Begin PBXResourcesBuildPhase section */
		4247D941211D7B000007132A /* Resources */ = {
			isa = PBXResourcesBuildPhase;
			buildActionMask = 2147483647;
			files = (
				4247D951211D7B010007132A /* LaunchScreen.storyboard in Resources */,
				4247D959211D7B3C0007132A /* GoogleService-Info.plist in Resources */,
				4247D94E211D7B010007132A /* Assets.xcassets in Resources */,
				4247D94C211D7B000007132A /* Main.storyboard in Resources */,
			);
			runOnlyForDeploymentPostprocessing = 0;
		};
/* End PBXResourcesBuildPhase section */

/* Begin PBXShellScriptBuildPhase section */
		23FB0D2B1CCC12A1025BB6F5 /* [CP] Copy Pods Resources */ = {
			isa = PBXShellScriptBuildPhase;
			buildActionMask = 2147483647;
			files = (
			);
			inputPaths = (
			);
			name = "[CP] Copy Pods Resources";
			outputPaths = (
			);
			runOnlyForDeploymentPostprocessing = 0;
			shellPath = /bin/sh;
			shellScript = "\"${SRCROOT}/Pods/Target Support Files/Pods-PushTest/Pods-PushTest-resources.sh\"\n";
			showEnvVarsInLog = 0;
		};
		3593F04686EEB2D98BA02568 /* [CP] Embed Pods Frameworks */ = {
			isa = PBXShellScriptBuildPhase;
			buildActionMask = 2147483647;
			files = (
			);
			inputPaths = (
				"${SRCROOT}/Pods/Target Support Files/Pods-PushTest/Pods-PushTest-frameworks.sh",
				"${BUILT_PRODUCTS_DIR}/GoogleToolboxForMac/GoogleToolboxForMac.framework",
				"${BUILT_PRODUCTS_DIR}/nanopb/nanopb.framework",
			);
			name = "[CP] Embed Pods Frameworks";
			outputPaths = (
				"${TARGET_BUILD_DIR}/${FRAMEWORKS_FOLDER_PATH}/GoogleToolboxForMac.framework",
				"${TARGET_BUILD_DIR}/${FRAMEWORKS_FOLDER_PATH}/nanopb.framework",
			);
			runOnlyForDeploymentPostprocessing = 0;
			shellPath = /bin/sh;
			shellScript = "\"${SRCROOT}/Pods/Target Support Files/Pods-PushTest/Pods-PushTest-frameworks.sh\"\n";
			showEnvVarsInLog = 0;
		};
		96D807767E44B0600ACDCD68 /* [CP] Check Pods Manifest.lock */ = {
			isa = PBXShellScriptBuildPhase;
			buildActionMask = 2147483647;
			files = (
			);
			inputPaths = (
				"${PODS_PODFILE_DIR_PATH}/Podfile.lock",
				"${PODS_ROOT}/Manifest.lock",
			);
			name = "[CP] Check Pods Manifest.lock";
			outputPaths = (
				"$(DERIVED_FILE_DIR)/Pods-PushTest-checkManifestLockResult.txt",
			);
			runOnlyForDeploymentPostprocessing = 0;
			shellPath = /bin/sh;
			shellScript = "diff \"${PODS_PODFILE_DIR_PATH}/Podfile.lock\" \"${PODS_ROOT}/Manifest.lock\" > /dev/null\nif [ $? != 0 ] ; then\n    # print error to STDERR\n    echo \"error: The sandbox is not in sync with the Podfile.lock. Run 'pod install' or update your CocoaPods installation.\" >&2\n    exit 1\nfi\n# This output is used by Xcode 'outputs' to avoid re-running this script phase.\necho \"SUCCESS\" > \"${SCRIPT_OUTPUT_FILE_0}\"\n";
			showEnvVarsInLog = 0;
		};
/* End PBXShellScriptBuildPhase section */

/* Begin PBXSourcesBuildPhase section */
		4247D93F211D7B000007132A /* Sources */ = {
			isa = PBXSourcesBuildPhase;
			buildActionMask = 2147483647;
			files = (
				4247D949211D7B000007132A /* ViewController.swift in Sources */,
				4247D947211D7B000007132A /* AppDelegate.swift in Sources */,
			);
			runOnlyForDeploymentPostprocessing = 0;
		};
/* End PBXSourcesBuildPhase section */

/* Begin PBXVariantGroup section */
		4247D94A211D7B000007132A /* Main.storyboard */ = {
			isa = PBXVariantGroup;
			children = (
				4247D94B211D7B000007132A /* Base */,
			);
			name = Main.storyboard;
			sourceTree = "<group>";
		};
		4247D94F211D7B010007132A /* LaunchScreen.storyboard */ = {
			isa = PBXVariantGroup;
			children = (
				4247D950211D7B010007132A /* Base */,
			);
			name = LaunchScreen.storyboard;
			sourceTree = "<group>";
		};
/* End PBXVariantGroup section */

/* Begin XCBuildConfiguration section */
		4247D953211D7B010007132A /* Debug */ = {
			isa = XCBuildConfiguration;
			buildSettings = {
				ALWAYS_SEARCH_USER_PATHS = NO;
				CLANG_ANALYZER_NONNULL = YES;
				CLANG_ANALYZER_NUMBER_OBJECT_CONVERSION = YES_AGGRESSIVE;
				CLANG_CXX_LANGUAGE_STANDARD = "gnu++14";
				CLANG_CXX_LIBRARY = "libc++";
				CLANG_ENABLE_MODULES = YES;
				CLANG_ENABLE_OBJC_ARC = YES;
				CLANG_ENABLE_OBJC_WEAK = YES;
				CLANG_WARN_BLOCK_CAPTURE_AUTORELEASING = YES;
				CLANG_WARN_BOOL_CONVERSION = YES;
				CLANG_WARN_COMMA = YES;
				CLANG_WARN_CONSTANT_CONVERSION = YES;
				CLANG_WARN_DEPRECATED_OBJC_IMPLEMENTATIONS = YES;
				CLANG_WARN_DIRECT_OBJC_ISA_USAGE = YES_ERROR;
				CLANG_WARN_DOCUMENTATION_COMMENTS = YES;
				CLANG_WARN_EMPTY_BODY = YES;
				CLANG_WARN_ENUM_CONVERSION = YES;
				CLANG_WARN_INFINITE_RECURSION = YES;
				CLANG_WARN_INT_CONVERSION = YES;
				CLANG_WARN_NON_LITERAL_NULL_CONVERSION = YES;
				CLANG_WARN_OBJC_IMPLICIT_RETAIN_SELF = YES;
				CLANG_WARN_OBJC_LITERAL_CONVERSION = YES;
				CLANG_WARN_OBJC_ROOT_CLASS = YES_ERROR;
				CLANG_WARN_RANGE_LOOP_ANALYSIS = YES;
				CLANG_WARN_STRICT_PROTOTYPES = YES;
				CLANG_WARN_SUSPICIOUS_MOVE = YES;
				CLANG_WARN_UNGUARDED_AVAILABILITY = YES_AGGRESSIVE;
				CLANG_WARN_UNREACHABLE_CODE = YES;
				CLANG_WARN__DUPLICATE_METHOD_MATCH = YES;
				CODE_SIGN_IDENTITY = "iPhone Developer";
				COPY_PHASE_STRIP = NO;
				DEBUG_INFORMATION_FORMAT = dwarf;
				ENABLE_STRICT_OBJC_MSGSEND = YES;
				ENABLE_TESTABILITY = YES;
				GCC_C_LANGUAGE_STANDARD = gnu11;
				GCC_DYNAMIC_NO_PIC = NO;
				GCC_NO_COMMON_BLOCKS = YES;
				GCC_OPTIMIZATION_LEVEL = 0;
				GCC_PREPROCESSOR_DEFINITIONS = (
					"DEBUG=1",
					"$(inherited)",
				);
				GCC_WARN_64_TO_32_BIT_CONVERSION = YES;
				GCC_WARN_ABOUT_RETURN_TYPE = YES_ERROR;
				GCC_WARN_UNDECLARED_SELECTOR = YES;
				GCC_WARN_UNINITIALIZED_AUTOS = YES_AGGRESSIVE;
				GCC_WARN_UNUSED_FUNCTION = YES;
				GCC_WARN_UNUSED_VARIABLE = YES;
				IPHONEOS_DEPLOYMENT_TARGET = 11.4;
				MTL_ENABLE_DEBUG_INFO = YES;
				ONLY_ACTIVE_ARCH = YES;
				SDKROOT = iphoneos;
				SWIFT_ACTIVE_COMPILATION_CONDITIONS = DEBUG;
				SWIFT_OPTIMIZATION_LEVEL = "-Onone";
			};
			name = Debug;
		};
		4247D954211D7B010007132A /* Release */ = {
			isa = XCBuildConfiguration;
			buildSettings = {
				ALWAYS_SEARCH_USER_PATHS = NO;
				CLANG_ANALYZER_NONNULL = YES;
				CLANG_ANALYZER_NUMBER_OBJECT_CONVERSION = YES_AGGRESSIVE;
				CLANG_CXX_LANGUAGE_STANDARD = "gnu++14";
				CLANG_CXX_LIBRARY = "libc++";
				CLANG_ENABLE_MODULES = YES;
				CLANG_ENABLE_OBJC_ARC = YES;
				CLANG_ENABLE_OBJC_WEAK = YES;
				CLANG_WARN_BLOCK_CAPTURE_AUTORELEASING = YES;
				CLANG_WARN_BOOL_CONVERSION = YES;
				CLANG_WARN_COMMA = YES;
				CLANG_WARN_CONSTANT_CONVERSION = YES;
				CLANG_WARN_DEPRECATED_OBJC_IMPLEMENTATIONS = YES;
				CLANG_WARN_DIRECT_OBJC_ISA_USAGE = YES_ERROR;
				CLANG_WARN_DOCUMENTATION_COMMENTS = YES;
				CLANG_WARN_EMPTY_BODY = YES;
				CLANG_WARN_ENUM_CONVERSION = YES;
				CLANG_WARN_INFINITE_RECURSION = YES;
				CLANG_WARN_INT_CONVERSION = YES;
				CLANG_WARN_NON_LITERAL_NULL_CONVERSION = YES;
				CLANG_WARN_OBJC_IMPLICIT_RETAIN_SELF = YES;
				CLANG_WARN_OBJC_LITERAL_CONVERSION = YES;
				CLANG_WARN_OBJC_ROOT_CLASS = YES_ERROR;
				CLANG_WARN_RANGE_LOOP_ANALYSIS = YES;
				CLANG_WARN_STRICT_PROTOTYPES = YES;
				CLANG_WARN_SUSPICIOUS_MOVE = YES;
				CLANG_WARN_UNGUARDED_AVAILABILITY = YES_AGGRESSIVE;
				CLANG_WARN_UNREACHABLE_CODE = YES;
				CLANG_WARN__DUPLICATE_METHOD_MATCH = YES;
				CODE_SIGN_IDENTITY = "iPhone Developer";
				COPY_PHASE_STRIP = NO;
				DEBUG_INFORMATION_FORMAT = "dwarf-with-dsym";
				ENABLE_NS_ASSERTIONS = NO;
				ENABLE_STRICT_OBJC_MSGSEND = YES;
				GCC_C_LANGUAGE_STANDARD = gnu11;
				GCC_NO_COMMON_BLOCKS = YES;
				GCC_WARN_64_TO_32_BIT_CONVERSION = YES;
				GCC_WARN_ABOUT_RETURN_TYPE = YES_ERROR;
				GCC_WARN_UNDECLARED_SELECTOR = YES;
				GCC_WARN_UNINITIALIZED_AUTOS = YES_AGGRESSIVE;
				GCC_WARN_UNUSED_FUNCTION = YES;
				GCC_WARN_UNUSED_VARIABLE = YES;
				IPHONEOS_DEPLOYMENT_TARGET = 11.4;
				MTL_ENABLE_DEBUG_INFO = NO;
				SDKROOT = iphoneos;
				SWIFT_COMPILATION_MODE = wholemodule;
				SWIFT_OPTIMIZATION_LEVEL = "-O";
				VALIDATE_PRODUCT = YES;
			};
			name = Release;
		};
		4247D956211D7B010007132A /* Debug */ = {
			isa = XCBuildConfiguration;
			baseConfigurationReference = 140FF8A769DDFD02B817B99F /* Pods-PushTest.debug.xcconfig */;
			buildSettings = {
				ASSETCATALOG_COMPILER_APPICON_NAME = AppIcon;
				CODE_SIGN_STYLE = Automatic;
				DEVELOPMENT_TEAM = T9EWCF83UK;
				INFOPLIST_FILE = PushTest/Info.plist;
				IPHONEOS_DEPLOYMENT_TARGET = 10.3;
				LD_RUNPATH_SEARCH_PATHS = "$(inherited) @executable_path/Frameworks";
				PRODUCT_BUNDLE_IDENTIFIER = com.chrisyoung.PushTest;
				PRODUCT_NAME = "$(TARGET_NAME)";
				SWIFT_VERSION = 4.0;
				TARGETED_DEVICE_FAMILY = "1,2";
			};
			name = Debug;
		};
		4247D957211D7B010007132A /* Release */ = {
			isa = XCBuildConfiguration;
			baseConfigurationReference = 107DAA809B28F1700F8BBABF /* Pods-PushTest.release.xcconfig */;
			buildSettings = {
				ASSETCATALOG_COMPILER_APPICON_NAME = AppIcon;
				CODE_SIGN_STYLE = Automatic;
				DEVELOPMENT_TEAM = T9EWCF83UK;
				INFOPLIST_FILE = PushTest/Info.plist;
				IPHONEOS_DEPLOYMENT_TARGET = 10.3;
				LD_RUNPATH_SEARCH_PATHS = "$(inherited) @executable_path/Frameworks";
				PRODUCT_BUNDLE_IDENTIFIER = com.chrisyoung.PushTest;
				PRODUCT_NAME = "$(TARGET_NAME)";
				SWIFT_VERSION = 4.0;
				TARGETED_DEVICE_FAMILY = "1,2";
			};
			name = Release;
		};
/* End XCBuildConfiguration section */

/* Begin XCConfigurationList section */
		4247D93E211D7AFF0007132A /* Build configuration list for PBXProject "PushTest" */ = {
			isa = XCConfigurationList;
			buildConfigurations = (
				4247D953211D7B010007132A /* Debug */,
				4247D954211D7B010007132A /* Release */,
			);
			defaultConfigurationIsVisible = 0;
			defaultConfigurationName = Release;
		};
		4247D955211D7B010007132A /* Build configuration list for PBXNativeTarget "PushTest" */ = {
			isa = XCConfigurationList;
			buildConfigurations = (
				4247D956211D7B010007132A /* Debug */,
				4247D957211D7B010007132A /* Release */,
			);
			defaultConfigurationIsVisible = 0;
			defaultConfigurationName = Release;
		};
/* End XCConfigurationList section */
	};
	rootObject = 4247D93B211D7AFF0007132A /* Project object */;
}
